<Solution>
  <Folder Name="/src/">
    <Project Path="src/CareerFlow.Core.Api/CareerFlow.Core.Api.csproj" Id="6a2700de-8e5e-4d98-bc9a-72bca3775a14" />
    <Project Path="src/CareerFlow.Core.Application/CareerFlow.Core.Application.csproj" Id="668cb328-b9b4-45ab-9068-eeee3299ce83" />
    <Project Path="src/CareerFlow.Core.Domain/CareerFlow.Core.Domain.csproj" Id="8770f7cf-27a7-480f-bac9-2de45755ea0a" />
    <Project Path="src/CareerFlow.Core.Infrastructure/CareerFlow.Core.Infrastructure.csproj" />
    <Project Path="src/CareerFlow.Core.Rabbit.Events/CareerFlow.Core.Rabbit.Events.csproj" />
  </Folder>
  <Folder Name="/tests/">
    <Project Path="tests/CareerFlow.Core.Api.IntegrationTests/CareerFlow.Core.Api.IntegrationTests.csproj" Id="fcc5fb40-aa45-450a-a5de-b1a61addddfb" />
    <Project Path="tests/CareerFlow.Core.Application.Tests/CareerFlow.Core.Application.Tests.csproj" Id="df02d2fb-801d-4bed-8fe7-ecdb76d9a1ca" />
    <Project Path="tests/CareerFlow.Core.Domain.Tests/CareerFlow.Core.Domain.Tests.csproj" Id="26597ede-2066-4295-aef0-f510bde97b10" />
    <Project Path="tests/CareerFlow.Core.Infrastructure.Test.Integration/CareerFlow.Core.Infrastructure.Test.Integration.csproj" />
    <Project Path="tests/CareerFlow.Core.Infrastructure.Tests.Unit/CareerFlow.Core.Infrastructure.Tests.Unit.csproj" />
  </Folder>
</Solution>
