<Solution>
  <Folder Name="/src/">
    <Project Path="src/CareerFlow.Core.Api/CareerFlow.Core.Api.csproj" Id="6a2700de-8e5e-4d98-bc9a-72bca3775a14" />
    <Project Path="src/CareerFlow.Core.Application/CareerFlow.Core.Application.csproj" Id="668cb328-b9b4-45ab-9068-eeee3299ce83" />
    <Project Path="src/CareerFlow.Core.Domain/CareerFlow.Core.Domain.csproj" Id="8770f7cf-27a7-480f-bac9-2de45755ea0a" />
    <Project Path="src/CareerFlow.Rabbit.Events/CareerFlow.Rabbit.Events.csproj" Id="b9a07a8d-a331-4b96-90ad-b294ff02c610" />
    <Project Path="src/CarrerFlow.Core.Infrastructure/CareerFlow.Core.Infrastructure.csproj" Id="d3d75c86-3183-422a-9f55-55665eee489d" />
  </Folder>
</Solution>
